{
  "version": 4,
  "terraform_version": "1.14.3",
  "serial": 15,
  "lineage": "34d13aeb-c023-8970-2468-94346cd59437",
  "outputs": {},
  "resources": [
    {
      "mode": "managed",
      "type": "kubernetes_namespace_v1",
      "name": "project_hub",
      "provider": "provider[\"registry.terraform.io/hashicorp/kubernetes\"]",
      "instances": [
        {
          "schema_version": 0,
          "attributes": {
            "id": "lhub-learning-hub",
            "metadata": [
              {
                "annotations": {},
                "generate_name": "",
                "generation": 0,
                "labels": {},
                "name": "lhub-learning-hub",
                "resource_version": "1164",
                "uid": "8fc23eb4-e507-419c-a060-6e4e8cae1002"
              }
            ],
            "timeouts": null,
            "wait_for_default_service_account": false
          },
          "sensitive_attributes": [],
          "identity_schema_version": 1,
          "identity": {
            "api_version": "v1",
            "kind": "Namespace",
            "name": "lhub-learning-hub"
          },
          "private": "eyJlMmJmYjczMC1lY2FhLTExZTYtOGY4OC0zNDM2M2JjN2M0YzAiOnsiZGVsZXRlIjozMDAwMDAwMDAwMDB9fQ==",
          "dependencies": [
            "minikube_cluster.project_hub_cluster"
          ]
        }
      ]
    },
    {
      "mode": "managed",
      "type": "kubernetes_secret_v1",
      "name": "postgres_secret",
      "provider": "provider[\"registry.terraform.io/hashicorp/kubernetes\"]",
      "instances": [
        {
          "schema_version": 0,
          "attributes": {
            "binary_data": null,
            "binary_data_wo": null,
            "binary_data_wo_revision": null,
            "data": {
              "password": "qwerty"
            },
            "data_wo": null,
            "data_wo_revision": null,
            "id": "lhub-learning-hub/postgres-secret",
            "immutable": false,
            "metadata": [
              {
                "annotations": {},
                "generate_name": "",
                "generation": 0,
                "labels": {},
                "name": "postgres-secret",
                "namespace": "lhub-learning-hub",
                "resource_version": "1168",
                "uid": "f014f15e-050f-4504-9fee-e6a91ec78e21"
              }
            ],
            "timeouts": null,
            "type": "Opaque",
            "wait_for_service_account_token": true
          },
          "sensitive_attributes": [
            [
              {
                "type": "get_attr",
                "value": "binary_data"
              }
            ],
            [
              {
                "type": "get_attr",
                "value": "data"
              }
            ],
            [
              {
                "type": "get_attr",
                "value": "data"
              },
              {
                "type": "index",
                "value": {
                  "value": "password",
                  "type": "string"
                }
              }
            ]
          ],
          "identity_schema_version": 1,
          "identity": {
            "api_version": "v1",
            "kind": "Secret",
            "name": "postgres-secret",
            "namespace": "lhub-learning-hub"
          },
          "private": "eyJlMmJmYjczMC1lY2FhLTExZTYtOGY4OC0zNDM2M2JjN2M0YzAiOnsiY3JlYXRlIjo2MDAwMDAwMDAwMH19",
          "dependencies": [
            "kubernetes_namespace_v1.project_hub",
            "minikube_cluster.project_hub_cluster"
          ]
        }
      ]
    },
    {
      "mode": "managed",
      "type": "kubernetes_service_v1",
      "name": "database",
      "provider": "provider[\"registry.terraform.io/hashicorp/kubernetes\"]",
      "instances": [
        {
          "schema_version": 1,
          "attributes": {
            "id": "lhub-learning-hub/database",
            "metadata": [
              {
                "annotations": {},
                "generate_name": "",
                "generation": 0,
                "labels": {
                  "app": "database"
                },
                "name": "database",
                "namespace": "lhub-learning-hub",
                "resource_version": "1167",
                "uid": "5682653a-2f32-4ead-b821-aef91a3e6ea1"
              }
            ],
            "spec": [
              {
                "allocate_load_balancer_node_ports": true,
                "cluster_ip": "None",
                "cluster_ips": [
                  "None"
                ],
                "external_ips": [],
                "external_name": "",
                "external_traffic_policy": "",
                "health_check_node_port": 0,
                "internal_traffic_policy": "Cluster",
                "ip_families": [
                  "IPv4"
                ],
                "ip_family_policy": "SingleStack",
                "load_balancer_class": "",
                "load_balancer_ip": "",
                "load_balancer_source_ranges": [],
                "port": [
                  {
                    "app_protocol": "",
                    "name": "postgres",
                    "node_port": 0,
                    "port": 5432,
                    "protocol": "TCP",
                    "target_port": "5432"
                  }
                ],
                "publish_not_ready_addresses": false,
                "selector": {
                  "app": "database"
                },
                "session_affinity": "None",
                "session_affinity_config": [],
                "type": "ClusterIP"
              }
            ],
            "status": [
              {
                "load_balancer": [
                  {
                    "ingress": []
                  }
                ]
              }
            ],
            "timeouts": null,
            "wait_for_load_balancer": true
          },
          "sensitive_attributes": [],
          "identity_schema_version": 1,
          "identity": {
            "api_version": "v1",
            "kind": "Service",
            "name": "database",
            "namespace": "lhub-learning-hub"
          },
          "private": "eyJlMmJmYjczMC1lY2FhLTExZTYtOGY4OC0zNDM2M2JjN2M0YzAiOnsiY3JlYXRlIjo2MDAwMDAwMDAwMDB9LCJzY2hlbWFfdmVyc2lvbiI6IjEifQ==",
          "dependencies": [
            "kubernetes_namespace_v1.project_hub",
            "minikube_cluster.project_hub_cluster"
          ]
        }
      ]
    },
    {
      "mode": "managed",
      "type": "kubernetes_stateful_set_v1",
      "name": "database",
      "provider": "provider[\"registry.terraform.io/hashicorp/kubernetes\"]",
      "instances": [
        {
          "schema_version": 1,
          "attributes": {
            "id": "lhub-learning-hub/database",
            "metadata": [
              {
                "annotations": {},
                "generate_name": "",
                "generation": 1,
                "labels": {
                  "app": "database"
                },
                "name": "database",
                "namespace": "lhub-learning-hub",
                "resource_version": "1183",
                "uid": "8bcd5781-e28f-4330-b9a2-e3466dd6bd78"
              }
            ],
            "spec": [
              {
                "min_ready_seconds": 0,
                "persistent_volume_claim_retention_policy": [
                  {
                    "when_deleted": "Retain",
                    "when_scaled": "Retain"
                  }
                ],
                "pod_management_policy": "OrderedReady",
                "replicas": "1",
                "revision_history_limit": 0,
                "selector": [
                  {
                    "match_expressions": [],
                    "match_labels": {
                      "app": "database"
                    }
                  }
                ],
                "service_name": "database",
                "template": [
                  {
                    "metadata": [
                      {
                        "annotations": {},
                        "generate_name": "",
                        "generation": 0,
                        "labels": {
                          "app": "database"
                        },
                        "name": "",
                        "namespace": "",
                        "resource_version": "",
                        "uid": ""
                      }
                    ],
                    "spec": [
                      {
                        "active_deadline_seconds": 0,
                        "affinity": [],
                        "automount_service_account_token": true,
                        "container": [
                          {
                            "args": [],
                            "command": [],
                            "env": [
                              {
                                "name": "POSTGRES_USER",
                                "value": "postgres",
                                "value_from": []
                              },
                              {
                                "name": "POSTGRES_PASSWORD",
                                "value": "",
                                "value_from": [
                                  {
                                    "config_map_key_ref": [],
                                    "field_ref": [],
                                    "resource_field_ref": [],
                                    "secret_key_ref": [
                                      {
                                        "key": "password",
                                        "name": "postgres-secret",
                                        "optional": false
                                      }
                                    ]
                                  }
                                ]
                              },
                              {
                                "name": "POSTGRES_DB",
                                "value": "hub_db",
                                "value_from": []
                              }
                            ],
                            "env_from": [],
                            "image": "database:latest",
                            "image_pull_policy": "IfNotPresent",
                            "lifecycle": [],
                            "liveness_probe": [],
                            "name": "database",
                            "port": [
                              {
                                "container_port": 5432,
                                "host_ip": "",
                                "host_port": 0,
                                "name": "postgres",
                                "protocol": "TCP"
                              }
                            ],
                            "readiness_probe": [],
                            "resources": [
                              {
                                "limits": {
                                  "cpu": "500m",
                                  "memory": "512Mi"
                                },
                                "requests": {
                                  "cpu": "250m",
                                  "memory": "256Mi"
                                }
                              }
                            ],
                            "restart_policy": "",
                            "security_context": [],
                            "startup_probe": [],
                            "stdin": false,
                            "stdin_once": false,
                            "termination_message_path": "/dev/termination-log",
                            "termination_message_policy": "File",
                            "tty": false,
                            "volume_device": [],
                            "volume_mount": [
                              {
                                "mount_path": "/var/lib/postgresql/data",
                                "mount_propagation": "None",
                                "name": "database-storage",
                                "read_only": false,
                                "sub_path": "",
                                "sub_path_expr": ""
                              }
                            ],
                            "working_dir": ""
                          }
                        ],
                        "dns_config": [],
                        "dns_policy": "ClusterFirst",
                        "enable_service_links": true,
                        "host_aliases": [],
                        "host_ipc": false,
                        "host_network": false,
                        "host_pid": false,
                        "hostname": "",
                        "image_pull_secrets": [],
                        "init_container": [],
                        "node_name": "",
                        "node_selector": {},
                        "os": [],
                        "priority_class_name": "",
                        "readiness_gate": [],
                        "restart_policy": "Always",
                        "runtime_class_name": "",
                        "scheduler_name": "default-scheduler",
                        "security_context": [],
                        "service_account_name": "",
                        "share_process_namespace": false,
                        "subdomain": "",
                        "termination_grace_period_seconds": 30,
                        "toleration": [],
                        "topology_spread_constraint": [],
                        "volume": []
                      }
                    ]
                  }
                ],
                "update_strategy": [],
                "volume_claim_template": [
                  {
                    "metadata": [
                      {
                        "annotations": {},
                        "generate_name": "",
                        "generation": 0,
                        "labels": {},
                        "name": "database-storage",
                        "namespace": "default",
                        "resource_version": "",
                        "uid": ""
                      }
                    ],
                    "spec": [
                      {
                        "access_modes": [
                          "ReadWriteOnce"
                        ],
                        "resources": [
                          {
                            "limits": {},
                            "requests": {
                              "storage": "10Gi"
                            }
                          }
                        ],
                        "selector": [],
                        "storage_class_name": "",
                        "volume_mode": "Filesystem",
                        "volume_name": ""
                      }
                    ]
                  }
                ]
              }
            ],
            "timeouts": null,
            "wait_for_rollout": true
          },
          "sensitive_attributes": [],
          "identity_schema_version": 1,
          "identity": {
            "api_version": "apps/v1",
            "kind": "StatefulSet",
            "name": "database",
            "namespace": "lhub-learning-hub"
          },
          "private": "eyJlMmJmYjczMC1lY2FhLTExZTYtOGY4OC0zNDM2M2JjN2M0YzAiOnsiY3JlYXRlIjo2MDAwMDAwMDAwMDAsImRlbGV0ZSI6NjAwMDAwMDAwMDAwLCJyZWFkIjo2MDAwMDAwMDAwMDAsInVwZGF0ZSI6NjAwMDAwMDAwMDAwfSwic2NoZW1hX3ZlcnNpb24iOiIxIn0=",
          "dependencies": [
            "kubernetes_namespace_v1.project_hub",
            "kubernetes_secret_v1.postgres_secret",
            "kubernetes_service_v1.database",
            "minikube_cluster.project_hub_cluster"
          ]
        }
      ]
    },
    {
      "mode": "managed",
      "type": "minikube_cluster",
      "name": "project_hub_cluster",
      "provider": "provider[\"registry.terraform.io/scott-the-programmer/minikube\"]",
      "instances": [
        {
          "schema_version": 0,
          "attributes": {
            "addons": [],
            "apiserver_ips": [],
            "apiserver_name": "minikubeCA",
            "apiserver_names": [],
            "apiserver_port": 8443,
            "auto_pause_interval": 1,
            "auto_update_drivers": true,
            "base_image": "gcr.io/k8s-minikube/kicbase:v0.0.48@sha256:7171c97a51623558720f8e5878e4f4637da093e2f2ed589997bedc6c1549b2b1",
            "binary_mirror": null,
            "cache_images": true,
            "cert_expiration": 1576800,
            "client_certificate": "-----BEGIN CERTIFICATE-----\nMIIDITCCAgmgAwIBAgIBAjANBgkqhkiG9w0BAQsFADAVMRMwEQYDVQQDEwptaW5p\na3ViZUNBMB4XDTI2MDExNTE3MjYzMFoXDTI5MDExNTE3MjYzMFowMTEXMBUGA1UE\nChMOc3lzdGVtOm1hc3RlcnMxFjAUBgNVBAMTDW1pbmlrdWJlLXVzZXIwggEiMA0G\nCSqGSIb3DQEBAQUAA4IBDwAwggEKAoIBAQC/ysYav/Q2OkqvDx+Ka7FDvydfmyGU\nmGYBWX2foZL8FKbJsEATtxAqljeg5PNGj+QQLbJ9tdOvWDxeBCNizlJMeHJXIGYb\nrA9fCi2kH3E10Lq5aSG2xNRGRhST6MU4QYEXpsM9lJWLGWHA411OdRZbPunpkSgt\nb3FDlSvTB4yofa7BzO9wDAzRIe8S98OXZolJMkkAgIwV0Z1XxJRZfEKeaAvoYVRg\neNfJ6QTkqU0490GUcyL+KlPer3HiKRqfD8z0k737KEnWaPExl2YPQ9LO6CPBiKJ5\nwM61m5uo8409YjHB0oXh06N7qJEZfSxDMWrnic3YtdXIOUGDwTgfiARbAgMBAAGj\nYDBeMA4GA1UdDwEB/wQEAwIFoDAdBgNVHSUEFjAUBggrBgEFBQcDAQYIKwYBBQUH\nAwIwDAYDVR0TAQH/BAIwADAfBgNVHSMEGDAWgBTM+bgjHFyKZbrTBrRj5etgUwWG\nnzANBgkqhkiG9w0BAQsFAAOCAQEAbwk66vTb5KFIZhjd7DP/hNNAnB4OlgbkUBaK\nCJNvZ8QA63TxZrMVdhZrMwISlnqeW10VKQhZ7f2MGKTBQH6ap3CFQFVTyLPdZgzf\nWPLNFTA3Eg+vK4Z2B9CWicWwQG+M+VN0+cfvxzJQHN7mK91BhSU+xzB2DFDFEZaP\nKHLMkm00oR4Qx31oc1qDhdnJjjVjb8/WLT28zLa8NATAYC0dpbLbaUe1pc6rx74o\nPyfynXQT2+wVDwnQtpRkP3XZdILiwh5yfolKucI5octJs6crTmpjdfKdWNhoDOX4\nbQqOJPd20f9cYJmKjNcYdpPt44Rr3IN37KXQMWwJIFKYgei4ig==\n-----END CERTIFICATE-----\n",
            "client_key": "-----BEGIN RSA PRIVATE KEY-----\nMIIEogIBAAKCAQEAv8rGGr/0NjpKrw8fimuxQ78nX5shlJhmAVl9n6GS/BSmybBA\nE7cQKpY3oOTzRo/kEC2yfbXTr1g8XgQjYs5STHhyVyBmG6wPXwotpB9xNdC6uWkh\ntsTURkYUk+jFOEGBF6bDPZSVixlhwONdTnUWWz7p6ZEoLW9xQ5Ur0weMqH2uwczv\ncAwM0SHvEvfDl2aJSTJJAICMFdGdV8SUWXxCnmgL6GFUYHjXyekE5KlNOPdBlHMi\n/ipT3q9x4ikanw/M9JO9+yhJ1mjxMZdmD0PSzugjwYiiecDOtZubqPONPWIxwdKF\n4dOje6iRGX0sQzFq54nN2LXVyDlBg8E4H4gEWwIDAQABAoIBABRXpmh67fpRzM8W\n5w0FptEdNXNmCbXwQ3gm159hV1eREdm4Qyue0ez6bt8MDvjv1SGZfzeR3BMv5C3t\nTsWG8GK3rxpU+jo60eHjkKYPnFs4Dui7Nmi40B0TXNENXNxpJ49B0Fk36R6jrA3L\nRSpyWn3bb/BRRaDVaP7hPmXihJrwPrd9zTUit07aCH8y0p+rV+Y3Ra1UM6gO+l5z\nQgLEYjq2fj5qB1Jim2NYEVNlGTrjhfvTv1rgrSes2p+Bcrq55eA/avf+leva4uMG\nHrZuDJGLv+NK0uS9dh4GTqcggEJSxgbxoaFNCs3cOe2vmPay99/2WfibhRExHAwy\nPU8ocd0CgYEA3SxgxsfGGBuA1lQ7Nv5DmGYJ1zSSUrCNCLAtfzRz/T+EB7UNti91\nWCxEaxmiKnnI4Np9CvZ1BT4LrsKKixXPssg8j8o/yl+VKIy+6qpBhviPa05tkkoi\n7iOBAHZ+UAe6o6fohzcVnExwZ/H86xL9W/NLcWFPlkApK0BOv1LRQgUCgYEA3f4F\nPaVJbp8BDWfaUbdRi3KV+EcZ7xD+WHYbSqroQUd3Ptc9VZAgIOz/Vu0rqKFu1Qea\n+UxixHiuPCpBBsSDyfrxYpIBDzOGQE1zoySOTJ0C8yC/7kbqfdjBeZ/VHqkqWa+8\n+0/bGaUqzMLnRTKi87W09QLNGnMn/4dz0N9PGt8CgYBkoEEzj0agRzsZyF7ciVhF\nqP8HK4L7Hho8frNkcX/oE5LFUul3HyZ7REConZP7UUdEjgNgDnt1NCJqk1YnK3hA\ntftfzDuznkMlnMtrxqRjfQj7YEZXzWURBZQ2mrKjRLD0rnsLsdMiNmDZ2e4hIZWl\n1Q5Y+lYUXQKeC/cH8u0D5QKBgAC8K5ZFqtWT7zP1KRLmMX3ttjNpQNu6yazPT03S\n/QviSbHKkqhq3sBdKIdIJ8HaLvzDlq7GovkVkTYfybFVCz6q9wulgh1jxUkHOJ/M\nqi/0wSK+9AO89l/OTO2zKsh8NOixHUYTwJz4IAkniA6BmWqHKn85MCarRPGiqC6D\n3sYvAoGAHZHHCjWa1/r8G2fb6YCu4Gwvhn0M1kYv9dSEIgePb3dZgul46L6hzCO8\ns80BE3uBwIYTnzQ3MmccH8NgAYmalquKzm6PH3iNqwVyn+W/h4qDcluOWi2y1UZ2\nAQeABBfNAWQYiBK9sdaNfTln9w+6LFMuiBXrRKTkLa1p9zjFK9Y=\n-----END RSA PRIVATE KEY-----\n",
            "cluster_ca_certificate": "-----BEGIN CERTIFICATE-----\nMIIDBjCCAe6gAwIBAgIBATANBgkqhkiG9w0BAQsFADAVMRMwEQYDVQQDEwptaW5p\na3ViZUNBMB4XDTI2MDExMjIzNTU1MVoXDTM2MDExMTIzNTU1MVowFTETMBEGA1UE\nAxMKbWluaWt1YmVDQTCCASIwDQYJKoZIhvcNAQEBBQADggEPADCCAQoCggEBAOJa\ndRMPpmVP4huleunOB1T/7azvkthXtI6Y565k6KacdZAJx96J/CYwnfNaTsCMG+gu\nSItX0RS8LpHDJup/lcpnWYWd7d2zXsa/pO0wxGjLsSDk7LWaDEhJAzdQjggUY7AZ\n98nnNsW3YUJyM8JepbjN3ly9ptU+NGPEWOUdZO9oW9PNM4m2P4HSsFdhfbK+oJBi\nqOb6kl4KjvmB1c5fFD5+aj1XYv1UmZuAQzN7hdaa4BMtuJMhxLfTRUiGKyVQIP4t\nOb/vcXrRZ5MdG+MVd7OvWkR5BkjDxNhnbAaSuOPSY+b06NL/AlLBkUtPeV6OP07z\n28rQe02ec2R2Vin1vAcCAwEAAaNhMF8wDgYDVR0PAQH/BAQDAgKkMB0GA1UdJQQW\nMBQGCCsGAQUFBwMCBggrBgEFBQcDATAPBgNVHRMBAf8EBTADAQH/MB0GA1UdDgQW\nBBTM+bgjHFyKZbrTBrRj5etgUwWGnzANBgkqhkiG9w0BAQsFAAOCAQEAYVST64iW\nh8wiTrgrj5iPUjU8L+H9ZLtYifJgk54Qw3RLdMiWpk5r+8HNC7YjfxPOe1HjehAW\n7hjCV2WFCaEsr99egiBxBLyfTIsXczaAYitwgVL4wmZ5hJD8V24Op5EjX6cvvaUj\nj7ydw1YpzC/3EAEwinyyrhVANOPHVRDYrpfAo84d7LREgOK4vru2e/IxWQBx2fvS\neIWxOe5JvlP1UkN0H2mfnHHdIZMFQupWh6FBWOVHufrFml0lLLxPw9JMTpFQuKS1\niboKn7k8LlglT9DB6d9RoAKAf/97mJPBLywehi07EMOiEh7zslBj0HkFlI4rA/VA\nym5LbiMiTtraxw==\n-----END CERTIFICATE-----\n",
            "cluster_name": "learning-hub",
            "cni": "",
            "container_runtime": "docker",
            "cpus": "2",
            "cri_socket": "",
            "delete_on_failure": false,
            "disable_coredns_log": false,
            "disable_driver_mounts": false,
            "disable_metrics": false,
            "disable_optimizations": false,
            "disk_size": "20000mb",
            "dns_domain": "cluster.local",
            "dns_proxy": false,
            "docker_env": null,
            "docker_opt": null,
            "download_only": false,
            "driver": "docker",
            "dry_run": false,
            "embed_certs": false,
            "extra_config": [],
            "extra_disks": 0,
            "feature_gates": "",
            "force": false,
            "force_systemd": false,
            "gpus": null,
            "ha": false,
            "host": "https://192.168.49.2:8443",
            "host_dns_resolver": true,
            "host_only_cidr": "192.168.59.1/24",
            "host_only_nic_type": "virtio",
            "hyperkit_vpnkit_sock": "",
            "hyperkit_vsock_ports": [],
            "hyperv_external_adapter": "",
            "hyperv_use_external_switch": false,
            "hyperv_virtual_switch": "",
            "id": "learning-hub",
            "image_mirror_country": null,
            "image_repository": "",
            "insecure_registry": [],
            "install_addons": true,
            "interactive": true,
            "iso_url": [
              "https://github.com/kubernetes/minikube/releases/download/v1.37.0/minikube-v1.37.0-amd64.iso"
            ],
            "keep_context": false,
            "kubernetes_version": null,
            "kvm_gpu": false,
            "kvm_hidden": false,
            "kvm_network": "default",
            "kvm_numa_count": 1,
            "kvm_qemu_uri": "qemu:///system",
            "listen_address": "",
            "memory": "4096mb",
            "mount": false,
            "mount_9p_version": "9p2000.L",
            "mount_gid": "docker",
            "mount_ip": null,
            "mount_msize": 262144,
            "mount_options": null,
            "mount_port": 0,
            "mount_string": "/home:/minikube-host",
            "mount_type": "9p",
            "mount_uid": "docker",
            "namespace": "default",
            "nat_nic_type": "virtio",
            "native_ssh": true,
            "network": "",
            "nfs_share": [],
            "nfs_shares_root": "/nfsshares",
            "no_kubernetes": false,
            "no_vtx_check": false,
            "nodes": 3,
            "output": "text",
            "ports": [],
            "preload": true,
            "qemu_firmware_path": null,
            "registry_mirror": [],
            "service_cluster_ip_range": "10.96.0.0/12",
            "socket_vmnet_client_path": "/usr/local/opt/socket_vmnet/bin/socket_vmnet_client",
            "socket_vmnet_path": "/usr/local/var/run/socket_vmnet",
            "ssh_ip_address": "",
            "ssh_key": "",
            "ssh_port": 22,
            "ssh_user": "root",
            "static_ip": null,
            "subnet": null,
            "trace": null,
            "uuid": "",
            "vm": false,
            "wait": null,
            "wait_timeout": 6
          },
          "sensitive_attributes": [
            [
              {
                "type": "get_attr",
                "value": "client_certificate"
              }
            ],
            [
              {
                "type": "get_attr",
                "value": "client_key"
              }
            ],
            [
              {
                "type": "get_attr",
                "value": "cluster_ca_certificate"
              }
            ]
          ],
          "identity_schema_version": 0,
          "private": "bnVsbA=="
        }
      ]
    },
    {
      "mode": "managed",
      "type": "null_resource",
      "name": "main_images",
      "provider": "provider[\"registry.terraform.io/hashicorp/null\"]",
      "instances": [
        {
          "schema_version": 0,
          "attributes": {
            "id": "207635373552895956",
            "triggers": {
              "backend": "6bfd2fcc2471507ebd3eb034a7627bccdb6a644e1bd6715dbfe03fb7a1f2620e",
              "database": "9d53e83077991f134350352f97adf6ced9bf4b612f3711e29619e1ae6c4d9531",
              "frontend": "a1be0b262ff964f949dde3145caf4e1b1f0c0f31b6bafef81a1253026249adb9"
            }
          },
          "sensitive_attributes": [],
          "identity_schema_version": 0
        }
      ]
    }
  ],
  "check_results": null
}
