{
  "version": 4,
  "terraform_version": "1.14.3",
  "serial": 3,
  "lineage": "2c196ced-e064-fe16-3946-7ea5cf505afe",
  "outputs": {},
  "resources": [
    {
      "mode": "managed",
      "type": "kubernetes_namespace_v1",
      "name": "app",
      "provider": "provider[\"registry.terraform.io/hashicorp/kubernetes\"]",
      "instances": [
        {
          "schema_version": 0,
          "attributes": {
            "id": "app-spotify",
            "metadata": [
              {
                "annotations": null,
                "generate_name": "",
                "generation": 0,
                "labels": null,
                "name": "app-spotify",
                "resource_version": "283",
                "uid": "c97996bd-e918-40fe-bf9c-f7771f7fe7cf"
              }
            ],
            "timeouts": null,
            "wait_for_default_service_account": false
          },
          "sensitive_attributes": [],
          "identity_schema_version": 1,
          "identity": {
            "api_version": "v1",
            "kind": "Namespace",
            "name": "app-spotify"
          },
          "private": "eyJlMmJmYjczMC1lY2FhLTExZTYtOGY4OC0zNDM2M2JjN2M0YzAiOnsiZGVsZXRlIjozMDAwMDAwMDAwMDB9fQ==",
          "dependencies": [
            "minikube_cluster.mycluster"
          ]
        }
      ]
    },
    {
      "mode": "managed",
      "type": "minikube_cluster",
      "name": "mycluster",
      "provider": "provider[\"registry.terraform.io/scott-the-programmer/minikube\"]",
      "instances": [
        {
          "schema_version": 0,
          "attributes": {
            "addons": [
              "default-storageclass",
              "storage-provisioner"
            ],
            "apiserver_ips": null,
            "apiserver_name": "minikubeCA",
            "apiserver_names": [],
            "apiserver_port": 8443,
            "auto_pause_interval": 1,
            "auto_update_drivers": true,
            "base_image": "gcr.io/k8s-minikube/kicbase:v0.0.48@sha256:7171c97a51623558720f8e5878e4f4637da093e2f2ed589997bedc6c1549b2b1",
            "binary_mirror": null,
            "cache_images": true,
            "cert_expiration": 1576800,
            "client_certificate": "-----BEGIN CERTIFICATE-----\nMIIDITCCAgmgAwIBAgIBAjANBgkqhkiG9w0BAQsFADAVMRMwEQYDVQQDEwptaW5p\na3ViZUNBMB4XDTI2MDExMzIxMTAxOFoXDTI5MDExMzIxMTAxOFowMTEXMBUGA1UE\nChMOc3lzdGVtOm1hc3RlcnMxFjAUBgNVBAMTDW1pbmlrdWJlLXVzZXIwggEiMA0G\nCSqGSIb3DQEBAQUAA4IBDwAwggEKAoIBAQDrj7XX9gBqDKux+W9rV9V2o1oxK4JI\nZWjh32g5Atdqj+hTssil1VNEQnrXWqflZyLFfqArx9qLr2lFoiQ5qpD3lUNGlaHH\nS9R50xacOK371/Jv0o4Pcj10VqQtO52wQlrpTAa6RVFPrRdAVYbStk1012o/rh6C\ntwYV+3LZCPSwpDoF2CqDQS1p8dKvRgYFQC2M4c7KNmrPJNh64ACb5270ulg3ttbw\nZqkW7MrW8DmuG7y58wdmw2kZKImDuEfj4E4TR4+GRzZ7hxvt5gt32zKMZZHfi1Th\nzgk45BT9/aGGJ3Basl2mvESXTv1baOZIXTjh1YCdDKzCR8yDJo9z9zjjAgMBAAGj\nYDBeMA4GA1UdDwEB/wQEAwIFoDAdBgNVHSUEFjAUBggrBgEFBQcDAQYIKwYBBQUH\nAwIwDAYDVR0TAQH/BAIwADAfBgNVHSMEGDAWgBRWpngLeYSoh4AKl4bZBbDYhMpB\neTANBgkqhkiG9w0BAQsFAAOCAQEAfYMTBO3a0GgYZcJMOOrDejck16tiuvnewA/w\nTFXu2FXJt7PX89I28OLUQswO6G65EQVIaxKGdkaXWZ+L4Vu304K8uJH6Xx8uCZmh\nu+EgShFE1sAgpabPxIbyuWGs6n6EbNbsb9zWXajXji+/uZd6NbVufFSJNXLX+XAR\ngG9YLNZF0WGnZ/7eM71u+FEunVvgkJ3nrmSC1kCR2xoLXjt0wMq1vqHB4fjd2iKz\n8NIE9sUzl6uBZTeOcMXjkTc+tY9OnUavReRfFXSVIUqbRX/GBupwfunt/hojgWZn\nKSG82nM2ouvQ53RWlnxT8M8nVpo5RfbLCqeCSznTXF38Kl5FWQ==\n-----END CERTIFICATE-----\n",
            "client_key": "-----BEGIN RSA PRIVATE KEY-----\nMIIEpAIBAAKCAQEA64+11/YAagyrsflva1fVdqNaMSuCSGVo4d9oOQLXao/oU7LI\npdVTREJ611qn5WcixX6gK8fai69pRaIkOaqQ95VDRpWhx0vUedMWnDit+9fyb9KO\nD3I9dFakLTudsEJa6UwGukVRT60XQFWG0rZNdNdqP64egrcGFfty2Qj0sKQ6Bdgq\ng0EtafHSr0YGBUAtjOHOyjZqzyTYeuAAm+du9LpYN7bW8GapFuzK1vA5rhu8ufMH\nZsNpGSiJg7hH4+BOE0ePhkc2e4cb7eYLd9syjGWR34tU4c4JOOQU/f2hhidwWrJd\nprxEl079W2jmSF044dWAnQyswkfMgyaPc/c44wIDAQABAoIBADbRoWRqO+tyGmzX\nGw5UiPlMh5tEwFN/who6hwMpfZ8vcUY1J4usKu4KOJMwZj01NLrYPochweLbBfku\nBBclcgokAt2Eyfra004siSj+6cJfnWxXiDbhA5s05I0gQBC6SHTde/1ST1tm8S/I\nF5Gm2jy0OuYp67DIzhJEi5QliOgoRXqQfKQQW5KSkTQoTiouWhfLl20uwaLVd59J\nFKr6FwN+o+5J7XdwhfFv4lZhwmAznRvJAB1BqOoBdqQ4ZLQUQZwgPOVlHkV6m/D/\nx8Rr7rAz3Uvb16y45rTnIvPonKt+TKm2gZebFYzUWmQ/hAlecNq2JhLV6yTTUtwS\nGTdn4bUCgYEA/c3pMr8MWxaX5xq0fRweJStdxP2D/gW6v8TgsI0RXNQ3GJb6SYy9\nNzIkasWdlPLjT/nk3nAB5w5owgYwcLwoBOFJw73OKi+QQAWaan3fxCnqzPk0wsDb\nV3mS/ZchCahFM96Eh8DCFPppFZXEhDv0VGgWtC+GbTndkC1/Y+pYLiUCgYEA7Zll\nwwsMZoPkTSygMx8fU2Id8DkCTxVzJyRZMszh+ME0G3+0oBlC8qU+v58dTdfdVaN+\nT+9VDB1S9UcC+EXbwiKGvxMOy3ICkWvN09DJr7GasdYc55KmYabHhaV+pRvHoQls\niBr0+Lfde93QfWTANJ02Y3hTahib7N3dqrpFiGcCgYEA3sa/24gwWz/Qo80gAfUN\nTMjs7L0t/2meCzfPlYitZdLsbYwQM0Dy0SEVMBc3g4dTGV8akli0gtB2CWCPYlT1\nt5rcOZFABm1ra5a/fJvyLugwLizML+pCXVzcNfVSzXxDCg1WPSZn9Sv70zN7pCpQ\nA0q+KvjQQM2a+jPFbrlDH3UCgYAXRYYNE4D0bYin8m4Cc9LqpNqP09WhD1XHCK1f\n52deqPXEl76GS9Md1weNVzVUkYcRQ0E07RkkZZ7hfUISNS1wF1ehUWmKjbEosylm\nzLVkav3e2zzbhaacO+yg73O3EkB8SmMB9bn2vnOIFVK9ZWfZ/2f7WCa7ZounKJf0\nh+gVkwKBgQD4YlaZ4Zmzx3lzH8yVv8mJo/A3HlC89M/X7zGYeMt2jYcPe+sH4LsJ\naXEDU4T6MLUI5PUtEhvTN82JM6YK+wNbVBChUCO+9MW0nPRweFGmWJrZMwCKwH1x\nkbrzNcZs+Skc8C6Uijwh/kckIisuqJQMbqSk6bryBIQsWd/9YdyHAg==\n-----END RSA PRIVATE KEY-----\n",
            "cluster_ca_certificate": "-----BEGIN CERTIFICATE-----\nMIIDBjCCAe6gAwIBAgIBATANBgkqhkiG9w0BAQsFADAVMRMwEQYDVQQDEwptaW5p\na3ViZUNBMB4XDTI2MDEwODE5NTQzM1oXDTM2MDEwNzE5NTQzM1owFTETMBEGA1UE\nAxMKbWluaWt1YmVDQTCCASIwDQYJKoZIhvcNAQEBBQADggEPADCCAQoCggEBAK1u\nTDpImN/YY2oEC2IhJKsEK3KbB/qfZdU0BV+lp/ilNCjobpMXF6TPChkNoLmkD87D\nU8dGa845SOjEQIxKv3uCRte5jdqpKAoIhTYHiW7H237Ng7thsHLpLflYE6RoINE8\nDHDa3LUMsi4Wn3Eu+dC9sv2fjchFGXKZtpIx1bNhRb7PD3zkQHcpoIPgbJKkHoGL\nC0lMW7Xmvkd9Cb/1C+7seR7+wHpKTwKYHjFmZgIANqSH+lTC/ORvKpiNaSE1MIqm\nAaiSOU2j6jcpugAntTAnLfAVh6cFZg4UDScV9V1TY/iJkwVN1ir0mAedO7VBJ9TB\n6PM7Nqg+NrkO5joZQKUCAwEAAaNhMF8wDgYDVR0PAQH/BAQDAgKkMB0GA1UdJQQW\nMBQGCCsGAQUFBwMCBggrBgEFBQcDATAPBgNVHRMBAf8EBTADAQH/MB0GA1UdDgQW\nBBRWpngLeYSoh4AKl4bZBbDYhMpBeTANBgkqhkiG9w0BAQsFAAOCAQEAdrB8S4Tb\nEWu0eOkI2TENl8eVYRLRhz0jyF8XXBODUBIZKTAgmdHVuEci6H9Kky4f/J8mgEas\nk0kJv7KJ7SSoBIeA6XS8ewWGAE7Js7uUBpPTxyHQg0STZGBLMJ37teqlum/zcjdl\nIEHVyaNHsGf0iwXJ9/MADmG46T8Sn22fsg71+4bPDJl6wLFGs3eAft4mZIHZ/Pf7\nTdA5Lst+cFABjQQdGaStrH4A0SNdUDDa1QKKsebc7O9+O4EOx2etQLyiN3pnnu+x\niJroF7n3H2Fxkesf2ocL456XfJ/35U5ZG3kUSVSyr6Tlj+5ItT8a6pteefcjO2MW\nwNd2Oe6PGw2HGA==\n-----END CERTIFICATE-----\n",
            "cluster_name": "spotify",
            "cni": "",
            "container_runtime": "docker",
            "cpus": "2",
            "cri_socket": "",
            "delete_on_failure": false,
            "disable_coredns_log": false,
            "disable_driver_mounts": false,
            "disable_metrics": false,
            "disable_optimizations": false,
            "disk_size": "20000mb",
            "dns_domain": "cluster.local",
            "dns_proxy": false,
            "docker_env": null,
            "docker_opt": null,
            "download_only": false,
            "driver": "docker",
            "dry_run": false,
            "embed_certs": false,
            "extra_config": null,
            "extra_disks": 0,
            "feature_gates": "",
            "force": false,
            "force_systemd": false,
            "gpus": null,
            "ha": false,
            "host": "https://192.168.58.2:8443",
            "host_dns_resolver": true,
            "host_only_cidr": "192.168.59.1/24",
            "host_only_nic_type": "virtio",
            "hyperkit_vpnkit_sock": "",
            "hyperkit_vsock_ports": [],
            "hyperv_external_adapter": "",
            "hyperv_use_external_switch": false,
            "hyperv_virtual_switch": "",
            "id": "spotify",
            "image_mirror_country": null,
            "image_repository": "",
            "insecure_registry": [],
            "install_addons": true,
            "interactive": true,
            "iso_url": [
              "https://github.com/kubernetes/minikube/releases/download/v1.37.0/minikube-v1.37.0-amd64.iso"
            ],
            "keep_context": false,
            "kubernetes_version": null,
            "kvm_gpu": false,
            "kvm_hidden": false,
            "kvm_network": "default",
            "kvm_numa_count": 1,
            "kvm_qemu_uri": "qemu:///system",
            "listen_address": "",
            "memory": "4096mb",
            "mount": false,
            "mount_9p_version": "9p2000.L",
            "mount_gid": "docker",
            "mount_ip": null,
            "mount_msize": 262144,
            "mount_options": null,
            "mount_port": 0,
            "mount_string": "/home:/minikube-host",
            "mount_type": "9p",
            "mount_uid": "docker",
            "namespace": "default",
            "nat_nic_type": "virtio",
            "native_ssh": true,
            "network": "",
            "nfs_share": [],
            "nfs_shares_root": "/nfsshares",
            "no_kubernetes": false,
            "no_vtx_check": false,
            "nodes": 1,
            "output": "text",
            "ports": [],
            "preload": true,
            "qemu_firmware_path": null,
            "registry_mirror": [],
            "service_cluster_ip_range": "10.96.0.0/12",
            "socket_vmnet_client_path": "/usr/local/opt/socket_vmnet/bin/socket_vmnet_client",
            "socket_vmnet_path": "/usr/local/var/run/socket_vmnet",
            "ssh_ip_address": "",
            "ssh_key": "",
            "ssh_port": 22,
            "ssh_user": "root",
            "static_ip": null,
            "subnet": null,
            "trace": null,
            "uuid": "",
            "vm": false,
            "wait": null,
            "wait_timeout": 6
          },
          "sensitive_attributes": [
            [
              {
                "type": "get_attr",
                "value": "client_certificate"
              }
            ],
            [
              {
                "type": "get_attr",
                "value": "client_key"
              }
            ],
            [
              {
                "type": "get_attr",
                "value": "cluster_ca_certificate"
              }
            ]
          ],
          "identity_schema_version": 0,
          "private": "bnVsbA=="
        }
      ]
    }
  ],
  "check_results": null
}
